{
    "version": 3,
    "terraform_version": "0.11.8",
    "serial": 14,
    "lineage": "d5a71adf-9634-9f06-6f0d-5439b44416a8",
    "modules": [
        {
            "path": [
                "root"
            ],
            "outputs": {
                "ip": {
                    "sensitive": false,
                    "type": "list",
                    "value": [
                        "54.210.176.62"
                    ]
                }
            },
            "resources": {
                "aws_instance.import_example": {
                    "type": "aws_instance",
                    "depends_on": [
                        "aws_key_pair.terraform-demo"
                    ],
                    "primary": {
                        "id": "i-0df15e8dabc165c5f",
                        "attributes": {
                            "ami": "ami-04169656fea786776",
                            "arn": "arn:aws:ec2:us-east-1:526262051452:instance/i-0df15e8dabc165c5f",
                            "associate_public_ip_address": "true",
                            "availability_zone": "us-east-1c",
                            "cpu_core_count": "1",
                            "cpu_threads_per_core": "1",
                            "credit_specification.#": "1",
                            "credit_specification.0.cpu_credits": "standard",
                            "disable_api_termination": "false",
                            "ebs_block_device.#": "0",
                            "ebs_optimized": "false",
                            "ephemeral_block_device.#": "0",
                            "get_password_data": "false",
                            "iam_instance_profile": "",
                            "id": "i-0df15e8dabc165c5f",
                            "instance_state": "running",
                            "instance_type": "t2.nano",
                            "ipv6_addresses.#": "0",
                            "key_name": "terraform-demo",
                            "monitoring": "false",
                            "network_interface.#": "0",
                            "network_interface_id": "eni-097dcccbe03edbd5a",
                            "password_data": "",
                            "placement_group": "",
                            "primary_network_interface_id": "eni-097dcccbe03edbd5a",
                            "private_dns": "ip-172-31-46-183.ec2.internal",
                            "private_ip": "172.31.46.183",
                            "public_dns": "ec2-54-173-239-47.compute-1.amazonaws.com",
                            "public_ip": "54.173.239.47",
                            "root_block_device.#": "1",
                            "root_block_device.0.delete_on_termination": "true",
                            "root_block_device.0.iops": "100",
                            "root_block_device.0.volume_id": "vol-01a5cf8776b65a0cf",
                            "root_block_device.0.volume_size": "8",
                            "root_block_device.0.volume_type": "gp2",
                            "security_groups.#": "1",
                            "security_groups.3814588639": "default",
                            "source_dest_check": "true",
                            "subnet_id": "subnet-66d25311",
                            "tags.%": "0",
                            "tenancy": "default",
                            "volume_tags.%": "0",
                            "vpc_security_group_ids.#": "1",
                            "vpc_security_group_ids.3461207847": "sg-22897246"
                        },
                        "meta": {
                            "e2bfb730-ecaa-11e6-8f88-34363bc7c4c0": {
                                "create": 600000000000,
                                "delete": 1200000000000,
                                "update": 600000000000
                            },
                            "schema_version": "1"
                        },
                        "tainted": false
                    },
                    "deposed": [],
                    "provider": "provider.aws"
                },
                "aws_instance.my-instance": {
                    "type": "aws_instance",
                    "depends_on": [
                        "aws_key_pair.terraform-demo"
                    ],
                    "primary": {
                        "id": "i-0aab39eec884aa165",
                        "attributes": {
                            "ami": "ami-04169656fea786776",
                            "arn": "arn:aws:ec2:us-east-1:526262051452:instance/i-0aab39eec884aa165",
                            "associate_public_ip_address": "true",
                            "availability_zone": "us-east-1c",
                            "cpu_core_count": "1",
                            "cpu_threads_per_core": "1",
                            "credit_specification.#": "1",
                            "credit_specification.0.cpu_credits": "standard",
                            "disable_api_termination": "false",
                            "ebs_block_device.#": "0",
                            "ebs_optimized": "false",
                            "ephemeral_block_device.#": "0",
                            "get_password_data": "false",
                            "iam_instance_profile": "",
                            "id": "i-0aab39eec884aa165",
                            "instance_state": "running",
                            "instance_type": "t2.nano",
                            "ipv6_addresses.#": "0",
                            "key_name": "terraform-demo",
                            "monitoring": "false",
                            "network_interface.#": "0",
                            "network_interface_id": "eni-06f26d8c771b8dcba",
                            "password_data": "",
                            "placement_group": "",
                            "primary_network_interface_id": "eni-06f26d8c771b8dcba",
                            "private_dns": "ip-172-31-35-110.ec2.internal",
                            "private_ip": "172.31.35.110",
                            "public_dns": "ec2-54-210-176-62.compute-1.amazonaws.com",
                            "public_ip": "54.210.176.62",
                            "root_block_device.#": "1",
                            "root_block_device.0.delete_on_termination": "true",
                            "root_block_device.0.iops": "100",
                            "root_block_device.0.volume_id": "vol-03416e9161f523fa6",
                            "root_block_device.0.volume_size": "8",
                            "root_block_device.0.volume_type": "gp2",
                            "security_groups.#": "1",
                            "security_groups.3814588639": "default",
                            "source_dest_check": "true",
                            "subnet_id": "subnet-66d25311",
                            "tags.%": "2",
                            "tags.Batch": "5AM",
                            "tags.Name": "Terraform-1",
                            "tenancy": "default",
                            "user_data": "691ba2adbad75a938347d6561f8b5981525a06dc",
                            "volume_tags.%": "0",
                            "vpc_security_group_ids.#": "1",
                            "vpc_security_group_ids.3461207847": "sg-22897246"
                        },
                        "meta": {
                            "e2bfb730-ecaa-11e6-8f88-34363bc7c4c0": {
                                "create": 600000000000,
                                "delete": 1200000000000,
                                "update": 600000000000
                            },
                            "schema_version": "1"
                        },
                        "tainted": false
                    },
                    "deposed": [],
                    "provider": "provider.aws"
                },
                "aws_key_pair.terraform-demo": {
                    "type": "aws_key_pair",
                    "depends_on": [],
                    "primary": {
                        "id": "terraform-demo",
                        "attributes": {
                            "fingerprint": "c8:d5:55:d4:a6:2f:eb:24:b3:e5:49:c6:8b:22:f7:e0",
                            "id": "terraform-demo",
                            "key_name": "terraform-demo",
                            "public_key": "ssh-rsa AAAAB3NzaC1yc2EAAAADAQABAAABAQC+GmzMxZgBzis180Rz7tOi3w7JFNy1aVSOVgxRmV34R8ibCpcPWfgJ5ilO082dKgp2bh+ol8IxCBdSL4KpUFIQD/rGJ0Fw8xk9hd1n82iVDroF8y73w5m9AkRK9hAzA6eDR+U8sY8ckCbpx2fOs89PLap7xkZ+bPeOmWqMMr8nyd4z/COqg1NewYFdFjQWFANfOnwb8Lzo/wkm9gJ/ZNKQZfa2mJfwX3EgS9ioiaSlYQbPx0cCEp2oM+xjCgp0KFUjahC46tFxclHjWzQ3piByBm5cO/S121lerst/yRnibG3+Yvc/5c8EKW7Kp3RteKqeGC2363/PEViBpE4sqyEr k@laptop"
                        },
                        "meta": {
                            "schema_version": "1"
                        },
                        "tainted": false
                    },
                    "deposed": [],
                    "provider": "provider.aws"
                }
            },
            "depends_on": []
        }
    ]
}
